
Microsoft Visual Studio Solution File, Format Version 11.00
# Visual Studio 2010
Project("{8BC9CEB8-8B4A-11D0-8D11-00A0C91BC942}") = "sqm_library", "sqm_library.vcxproj", "{BEF1C0D9-D065-4128-B7AC-2E645C781F7B}"
EndProject
Global
	GlobalSection(SolutionConfigurationPlatforms) = preSolution
		Debug|Win32 = Debug|Win32
		Release|Win32 = Release|Win32
	EndGlobalSection
	GlobalSection(ProjectConfigurationPlatforms) = postSolution
		{BEF1C0D9-D065-4128-B7AC-2E645C781F7B}.Debug|Win32.ActiveCfg = Debug|Win32
		{BEF1C0D9-D065-4128-B7AC-2E645C781F7B}.Debug|Win32.Build.0 = Debug|Win32
		{BEF1C0D9-D065-4128-B7AC-2E645C781F7B}.Release|Win32.ActiveCfg = Release|Win32
		{BEF1C0D9-D065-4128-B7AC-2E645C781F7B}.Release|Win32.Build.0 = Release|Win32
	EndGlobalSection
	GlobalSection(SolutionProperties) = preSolution
		HideSolutionNode = FALSE
	EndGlobalSection
EndGlobal
