<?xml version="1.0" encoding="utf-8"?>
<Project ToolsVersion="4.0" xmlns="http://schemas.microsoft.com/developer/msbuild/2003">
  <ItemGroup>
    <Filter Include="Source Files">
      <UniqueIdentifier>{4FC737F1-C7A5-4376-A066-2A32D752A2FF}</UniqueIdentifier>
      <Extensions>cpp;c;cc;cxx;def;odl;idl;hpj;bat;asm;asmx</Extensions>
    </Filter>
    <Filter Include="Header Files">
      <UniqueIdentifier>{93995380-89BD-4b04-88EB-625FBE52EBFB}</UniqueIdentifier>
      <Extensions>h;hpp;hxx;hm;inl;inc;xsd</Extensions>
    </Filter>
    <Filter Include="Resource Files">
      <UniqueIdentifier>{67DA6AB6-F800-4c08-8B7A-83BB121AAD01}</UniqueIdentifier>
      <Extensions>rc;ico;cur;bmp;dlg;rc2;rct;bin;rgs;gif;jpg;jpeg;jpe;resx;tiff;tif;png;wav;mfcribbon-ms</Extensions>
    </Filter>
  </ItemGroup>
  <ItemGroup>
    <None Include="ReadMe.txt" />
  </ItemGroup>
  <ItemGroup>
    <ClCompile Include="Laplacian.cpp">
      <Filter>Source Files</Filter>
    </ClCompile>
    <ClCompile Include="LIE.cpp">
      <Filter>Source Files</Filter>
    </ClCompile>
    <ClCompile Include="LIENeedEntry.cpp">
      <Filter>Source Files</Filter>
    </ClCompile>
    <ClCompile Include="m_math.cpp">
      <Filter>Source Files</Filter>
    </ClCompile>
    <ClCompile Include="MyMesh.cpp">
      <Filter>Source Files</Filter>
    </ClCompile>
    <ClCompile Include="OpenMeshVecOperations.cpp">
      <Filter>Source Files</Filter>
    </ClCompile>
    <ClCompile Include="SphereDelaunay.cpp">
      <Filter>Source Files</Filter>
    </ClCompile>
    <ClCompile Include="SQMAlgorithm.cpp">
      <Filter>Source Files</Filter>
    </ClCompile>
    <ClCompile Include="SQMBasicController.cpp">
      <Filter>Source Files</Filter>
    </ClCompile>
    <ClCompile Include="SQMNode.cpp">
      <Filter>Source Files</Filter>
    </ClCompile>
    <ClCompile Include="stdafx.cpp">
      <Filter>Source Files</Filter>
    </ClCompile>
    <ClCompile Include="Utility.cpp">
      <Filter>Source Files</Filter>
    </ClCompile>
    <ClCompile Include="EdgeLength.cpp">
      <Filter>Source Files</Filter>
    </ClCompile>
    <ClCompile Include="FloatArithmetic.cpp">
      <Filter>Source Files</Filter>
    </ClCompile>
    <ClCompile Include="SQMSkeletonNode.cpp">
      <Filter>Source Files</Filter>
    </ClCompile>
    <ClCompile Include="sqm_library.cpp">
      <Filter>Source Files</Filter>
    </ClCompile>
  </ItemGroup>
  <ItemGroup>
    <ClInclude Include="EdgeLength.h">
      <Filter>Header Files</Filter>
    </ClInclude>
    <ClInclude Include="FloatArithmetic.h">
      <Filter>Header Files</Filter>
    </ClInclude>
    <ClInclude Include="Laplacian.h">
      <Filter>Header Files</Filter>
    </ClInclude>
    <ClInclude Include="LIE.h">
      <Filter>Header Files</Filter>
    </ClInclude>
    <ClInclude Include="LIENeedEntry.h">
      <Filter>Header Files</Filter>
    </ClInclude>
    <ClInclude Include="m_math.h">
      <Filter>Header Files</Filter>
    </ClInclude>
    <ClInclude Include="MeshGraph.h">
      <Filter>Header Files</Filter>
    </ClInclude>
    <ClInclude Include="MyMesh.h">
      <Filter>Header Files</Filter>
    </ClInclude>
    <ClInclude Include="OpenMeshVecOperations.h">
      <Filter>Header Files</Filter>
    </ClInclude>
    <ClInclude Include="SphereDelaunay.h">
      <Filter>Header Files</Filter>
    </ClInclude>
    <ClInclude Include="SQMAlgorithm.h">
      <Filter>Header Files</Filter>
    </ClInclude>
    <ClInclude Include="SQMBasicController.h">
      <Filter>Header Files</Filter>
    </ClInclude>
    <ClInclude Include="SQMNode.h">
      <Filter>Header Files</Filter>
    </ClInclude>
    <ClInclude Include="SQMSkeletonNode.h">
      <Filter>Header Files</Filter>
    </ClInclude>
    <ClInclude Include="stdafx.h">
      <Filter>Header Files</Filter>
    </ClInclude>
    <ClInclude Include="Utility.h">
      <Filter>Header Files</Filter>
    </ClInclude>
    <ClInclude Include="sqm_library.h">
      <Filter>Header Files</Filter>
    </ClInclude>
  </ItemGroup>
</Project>